// !$*UTF8*$!
{
	archiveVersion = 1;
	classes = {
	};
	objectVersion = 50;
	objects = {

/* Begin PBXBuildFile section */
		FB58C05A25105B4A0099740D /* AppDelegate.swift in Sources */ = {isa = PBXBuildFile; fileRef = FB58C05925105B4A0099740D /* AppDelegate.swift */; };
		FB58C06325105B4A0099740D /* Assets.xcassets in Resources */ = {isa = PBXBuildFile; fileRef = FB58C06225105B4A0099740D /* Assets.xcassets */; };
		FB58C06625105B4A0099740D /* LaunchScreen.storyboard in Resources */ = {isa = PBXBuildFile; fileRef = FB58C06425105B4A0099740D /* LaunchScreen.storyboard */; };
		FB58C06E251061760099740D /* AlbumsViewController.swift in Sources */ = {isa = PBXBuildFile; fileRef = FB58C06D251061760099740D /* AlbumsViewController.swift */; };
		FB58C072251070B30099740D /* Networking.swift in Sources */ = {isa = PBXBuildFile; fileRef = FB58C071251070B30099740D /* Networking.swift */; };
		FB58C0742511703A0099740D /* AlbumModel.swift in Sources */ = {isa = PBXBuildFile; fileRef = FB58C0732511703A0099740D /* AlbumModel.swift */; };
		FB58C0762511A9B40099740D /* AlbumCellTableViewCell.swift in Sources */ = {isa = PBXBuildFile; fileRef = FB58C0752511A9B40099740D /* AlbumCellTableViewCell.swift */; };
		FB58C0782511BAE00099740D /* UIImageView+Extensions.swift in Sources */ = {isa = PBXBuildFile; fileRef = FB58C0772511BAE00099740D /* UIImageView+Extensions.swift */; };
		FB58C07A2511C8030099740D /* AlbumDetailsViewController.swift in Sources */ = {isa = PBXBuildFile; fileRef = FB58C0792511C8030099740D /* AlbumDetailsViewController.swift */; };
		FB8438FA25194128004DA7C2 /* Localizable.strings in Resources */ = {isa = PBXBuildFile; fileRef = FB8438FC25194128004DA7C2 /* Localizable.strings */; };
		FB8438FE25194841004DA7C2 /* DisplayableText.swift in Sources */ = {isa = PBXBuildFile; fileRef = FB8438FD25194841004DA7C2 /* DisplayableText.swift */; };
		FB843900251949F7004DA7C2 /* String+Extensions.swift in Sources */ = {isa = PBXBuildFile; fileRef = FB8438FF251949F7004DA7C2 /* String+Extensions.swift */; };
/* End PBXBuildFile section */

/* Begin PBXFileReference section */
		FB58C05625105B4A0099740D /* Album.app */ = {isa = PBXFileReference; explicitFileType = wrapper.application; includeInIndex = 0; path = Album.app; sourceTree = BUILT_PRODUCTS_DIR; };
		FB58C05925105B4A0099740D /* AppDelegate.swift */ = {isa = PBXFileReference; lastKnownFileType = sourcecode.swift; path = AppDelegate.swift; sourceTree = "<group>"; };
		FB58C06225105B4A0099740D /* Assets.xcassets */ = {isa = PBXFileReference; lastKnownFileType = folder.assetcatalog; path = Assets.xcassets; sourceTree = "<group>"; };
		FB58C06525105B4A0099740D /* Base */ = {isa = PBXFileReference; lastKnownFileType = file.storyboard; name = Base; path = Base.lproj/LaunchScreen.storyboard; sourceTree = "<group>"; };
		FB58C06725105B4A0099740D /* Info.plist */ = {isa = PBXFileReference; lastKnownFileType = text.plist.xml; path = Info.plist; sourceTree = "<group>"; };
		FB58C06D251061760099740D /* AlbumsViewController.swift */ = {isa = PBXFileReference; lastKnownFileType = sourcecode.swift; path = AlbumsViewController.swift; sourceTree = "<group>"; };
		FB58C071251070B30099740D /* Networking.swift */ = {isa = PBXFileReference; lastKnownFileType = sourcecode.swift; path = Networking.swift; sourceTree = "<group>"; };
		FB58C0732511703A0099740D /* AlbumModel.swift */ = {isa = PBXFileReference; lastKnownFileType = sourcecode.swift; path = AlbumModel.swift; sourceTree = "<group>"; };
		FB58C0752511A9B40099740D /* AlbumCellTableViewCell.swift */ = {isa = PBXFileReference; lastKnownFileType = sourcecode.swift; path = AlbumCellTableViewCell.swift; sourceTree = "<group>"; };
		FB58C0772511BAE00099740D /* UIImageView+Extensions.swift */ = {isa = PBXFileReference; lastKnownFileType = sourcecode.swift; path = "UIImageView+Extensions.swift"; sourceTree = "<group>"; };
		FB58C0792511C8030099740D /* AlbumDetailsViewController.swift */ = {isa = PBXFileReference; lastKnownFileType = sourcecode.swift; path = AlbumDetailsViewController.swift; sourceTree = "<group>"; };
		FB8438FB25194128004DA7C2 /* en */ = {isa = PBXFileReference; lastKnownFileType = text.plist.strings; name = en; path = en.lproj/Localizable.strings; sourceTree = "<group>"; };
		FB8438FD25194841004DA7C2 /* DisplayableText.swift */ = {isa = PBXFileReference; lastKnownFileType = sourcecode.swift; path = DisplayableText.swift; sourceTree = "<group>"; };
		FB8438FF251949F7004DA7C2 /* String+Extensions.swift */ = {isa = PBXFileReference; lastKnownFileType = sourcecode.swift; path = "String+Extensions.swift"; sourceTree = "<group>"; };
/* End PBXFileReference section */

/* Begin PBXFrameworksBuildPhase section */
		FB58C05325105B4A0099740D /* Frameworks */ = {
			isa = PBXFrameworksBuildPhase;
			buildActionMask = 2147483647;
			files = (
			);
			runOnlyForDeploymentPostprocessing = 0;
		};
/* End PBXFrameworksBuildPhase section */

/* Begin PBXGroup section */
		FB58C04D25105B4A0099740D = {
			isa = PBXGroup;
			children = (
				FB58C05825105B4A0099740D /* Album */,
				FB58C05725105B4A0099740D /* Products */,
			);
			sourceTree = "<group>";
		};
		FB58C05725105B4A0099740D /* Products */ = {
			isa = PBXGroup;
			children = (
				FB58C05625105B4A0099740D /* Album.app */,
			);
			name = Products;
			sourceTree = "<group>";
		};
		FB58C05825105B4A0099740D /* Album */ = {
			isa = PBXGroup;
			children = (
				FB8438FC25194128004DA7C2 /* Localizable.strings */,
				FB8438F725159746004DA7C2 /* Controllers */,
				FB8438F625159736004DA7C2 /* Networking */,
				FB8438F525159718004DA7C2 /* Views */,
				FB8438F425159709004DA7C2 /* Model */,
				FB8438F3251596EE004DA7C2 /* Extensions */,
				FB58C05925105B4A0099740D /* AppDelegate.swift */,
				FB58C06225105B4A0099740D /* Assets.xcassets */,
				FB58C06425105B4A0099740D /* LaunchScreen.storyboard */,
				FB58C06725105B4A0099740D /* Info.plist */,
				FB8438FD25194841004DA7C2 /* DisplayableText.swift */,
			);
			path = Album;
			sourceTree = "<group>";
		};
		FB8438F3251596EE004DA7C2 /* Extensions */ = {
			isa = PBXGroup;
			children = (
				FB58C0772511BAE00099740D /* UIImageView+Extensions.swift */,
				FB8438FF251949F7004DA7C2 /* String+Extensions.swift */,
			);
			path = Extensions;
			sourceTree = "<group>";
		};
		FB8438F425159709004DA7C2 /* Model */ = {
			isa = PBXGroup;
			children = (
				FB58C0732511703A0099740D /* AlbumModel.swift */,
			);
			path = Model;
			sourceTree = "<group>";
		};
		FB8438F525159718004DA7C2 /* Views */ = {
			isa = PBXGroup;
			children = (
				FB58C0752511A9B40099740D /* AlbumCellTableViewCell.swift */,
			);
			path = Views;
			sourceTree = "<group>";
		};
		FB8438F625159736004DA7C2 /* Networking */ = {
			isa = PBXGroup;
			children = (
				FB58C071251070B30099740D /* Networking.swift */,
			);
			path = Networking;
			sourceTree = "<group>";
		};
		FB8438F725159746004DA7C2 /* Controllers */ = {
			isa = PBXGroup;
			children = (
				FB58C06D251061760099740D /* AlbumsViewController.swift */,
				FB58C0792511C8030099740D /* AlbumDetailsViewController.swift */,
			);
			path = Controllers;
			sourceTree = "<group>";
		};
/* End PBXGroup section */

/* Begin PBXNativeTarget section */
		FB58C05525105B4A0099740D /* Album */ = {
			isa = PBXNativeTarget;
			buildConfigurationList = FB58C06A25105B4A0099740D /* Build configuration list for PBXNativeTarget "Album" */;
			buildPhases = (
				FB58C05225105B4A0099740D /* Sources */,
				FB58C05325105B4A0099740D /* Frameworks */,
				FB58C05425105B4A0099740D /* Resources */,
			);
			buildRules = (
			);
			dependencies = (
			);
			name = Album;
			productName = Album;
			productReference = FB58C05625105B4A0099740D /* Album.app */;
			productType = "com.apple.product-type.application";
		};
/* End PBXNativeTarget section */

/* Begin PBXProject section */
		FB58C04E25105B4A0099740D /* Project object */ = {
			isa = PBXProject;
			attributes = {
				LastSwiftUpdateCheck = 1160;
				LastUpgradeCheck = 1160;
				ORGANIZATIONNAME = Danya;
				TargetAttributes = {
					FB58C05525105B4A0099740D = {
						CreatedOnToolsVersion = 11.6;
					};
				};
			};
			buildConfigurationList = FB58C05125105B4A0099740D /* Build configuration list for PBXProject "Album" */;
			compatibilityVersion = "Xcode 9.3";
			developmentRegion = en;
			hasScannedForEncodings = 0;
			knownRegions = (
				en,
				Base,
			);
			mainGroup = FB58C04D25105B4A0099740D;
			productRefGroup = FB58C05725105B4A0099740D /* Products */;
			projectDirPath = "";
			projectRoot = "";
			targets = (
				FB58C05525105B4A0099740D /* Album */,
			);
		};
/* End PBXProject section */

/* Begin PBXResourcesBuildPhase section */
		FB58C05425105B4A0099740D /* Resources */ = {
			isa = PBXResourcesBuildPhase;
			buildActionMask = 2147483647;
			files = (
				FB58C06625105B4A0099740D /* LaunchScreen.storyboard in Resources */,
				FB8438FA25194128004DA7C2 /* Localizable.strings in Resources */,
				FB58C06325105B4A0099740D /* Assets.xcassets in Resources */,
			);
			runOnlyForDeploymentPostprocessing = 0;
		};
/* End PBXResourcesBuildPhase section */

/* Begin PBXSourcesBuildPhase section */
		FB58C05225105B4A0099740D /* Sources */ = {
			isa = PBXSourcesBuildPhase;
			buildActionMask = 2147483647;
			files = (
				FB58C0782511BAE00099740D /* UIImageView+Extensions.swift in Sources */,
				FB58C05A25105B4A0099740D /* AppDelegate.swift in Sources */,
				FB58C0742511703A0099740D /* AlbumModel.swift in Sources */,
				FB58C06E251061760099740D /* AlbumsViewController.swift in Sources */,
				FB843900251949F7004DA7C2 /* String+Extensions.swift in Sources */,
				FB58C072251070B30099740D /* Networking.swift in Sources */,
				FB58C0762511A9B40099740D /* AlbumCellTableViewCell.swift in Sources */,
				FB58C07A2511C8030099740D /* AlbumDetailsViewController.swift in Sources */,
				FB8438FE25194841004DA7C2 /* DisplayableText.swift in Sources */,
			);
			runOnlyForDeploymentPostprocessing = 0;
		};
/* End PBXSourcesBuildPhase section */

/* Begin PBXVariantGroup section */
		FB58C06425105B4A0099740D /* LaunchScreen.storyboard */ = {
			isa = PBXVariantGroup;
			children = (
				FB58C06525105B4A0099740D /* Base */,
			);
			name = LaunchScreen.storyboard;
			sourceTree = "<group>";
		};
		FB8438FC25194128004DA7C2 /* Localizable.strings */ = {
			isa = PBXVariantGroup;
			children = (
				FB8438FB25194128004DA7C2 /* en */,
			);
			name = Localizable.strings;
			sourceTree = "<group>";
		};
/* End PBXVariantGroup section */

/* Begin XCBuildConfiguration section */
		FB58C06825105B4A0099740D /* Debug */ = {
			isa = XCBuildConfiguration;
			buildSettings = {
				ALWAYS_SEARCH_USER_PATHS = NO;
				CLANG_ANALYZER_NONNULL = YES;
				CLANG_ANALYZER_NUMBER_OBJECT_CONVERSION = YES_AGGRESSIVE;
				CLANG_CXX_LANGUAGE_STANDARD = "gnu++14";
				CLANG_CXX_LIBRARY = "libc++";
				CLANG_ENABLE_MODULES = YES;
				CLANG_ENABLE_OBJC_ARC = YES;
				CLANG_ENABLE_OBJC_WEAK = YES;
				CLANG_WARN_BLOCK_CAPTURE_AUTORELEASING = YES;
				CLANG_WARN_BOOL_CONVERSION = YES;
				CLANG_WARN_COMMA = YES;
				CLANG_WARN_CONSTANT_CONVERSION = YES;
				CLANG_WARN_DEPRECATED_OBJC_IMPLEMENTATIONS = YES;
				CLANG_WARN_DIRECT_OBJC_ISA_USAGE = YES_ERROR;
				CLANG_WARN_DOCUMENTATION_COMMENTS = YES;
				CLANG_WARN_EMPTY_BODY = YES;
				CLANG_WARN_ENUM_CONVERSION = YES;
				CLANG_WARN_INFINITE_RECURSION = YES;
				CLANG_WARN_INT_CONVERSION = YES;
				CLANG_WARN_NON_LITERAL_NULL_CONVERSION = YES;
				CLANG_WARN_OBJC_IMPLICIT_RETAIN_SELF = YES;
				CLANG_WARN_OBJC_LITERAL_CONVERSION = YES;
				CLANG_WARN_OBJC_ROOT_CLASS = YES_ERROR;
				CLANG_WARN_RANGE_LOOP_ANALYSIS = YES;
				CLANG_WARN_STRICT_PROTOTYPES = YES;
				CLANG_WARN_SUSPICIOUS_MOVE = YES;
				CLANG_WARN_UNGUARDED_AVAILABILITY = YES_AGGRESSIVE;
				CLANG_WARN_UNREACHABLE_CODE = YES;
				CLANG_WARN__DUPLICATE_METHOD_MATCH = YES;
				COPY_PHASE_STRIP = NO;
				DEBUG_INFORMATION_FORMAT = dwarf;
				ENABLE_STRICT_OBJC_MSGSEND = YES;
				ENABLE_TESTABILITY = YES;
				GCC_C_LANGUAGE_STANDARD = gnu11;
				GCC_DYNAMIC_NO_PIC = NO;
				GCC_NO_COMMON_BLOCKS = YES;
				GCC_OPTIMIZATION_LEVEL = 0;
				GCC_PREPROCESSOR_DEFINITIONS = (
					"DEBUG=1",
					"$(inherited)",
				);
				GCC_WARN_64_TO_32_BIT_CONVERSION = YES;
				GCC_WARN_ABOUT_RETURN_TYPE = YES_ERROR;
				GCC_WARN_UNDECLARED_SELECTOR = YES;
				GCC_WARN_UNINITIALIZED_AUTOS = YES_AGGRESSIVE;
				GCC_WARN_UNUSED_FUNCTION = YES;
				GCC_WARN_UNUSED_VARIABLE = YES;
				IPHONEOS_DEPLOYMENT_TARGET = 13.6;
				MTL_ENABLE_DEBUG_INFO = INCLUDE_SOURCE;
				MTL_FAST_MATH = YES;
				ONLY_ACTIVE_ARCH = YES;
				SDKROOT = iphoneos;
				SWIFT_ACTIVE_COMPILATION_CONDITIONS = DEBUG;
				SWIFT_OPTIMIZATION_LEVEL = "-Onone";
			};
			name = Debug;
		};
		FB58C06925105B4A0099740D /* Release */ = {
			isa = XCBuildConfiguration;
			buildSettings = {
				ALWAYS_SEARCH_USER_PATHS = NO;
				CLANG_ANALYZER_NONNULL = YES;
				CLANG_ANALYZER_NUMBER_OBJECT_CONVERSION = YES_AGGRESSIVE;
				CLANG_CXX_LANGUAGE_STANDARD = "gnu++14";
				CLANG_CXX_LIBRARY = "libc++";
				CLANG_ENABLE_MODULES = YES;
				CLANG_ENABLE_OBJC_ARC = YES;
				CLANG_ENABLE_OBJC_WEAK = YES;
				CLANG_WARN_BLOCK_CAPTURE_AUTORELEASING = YES;
				CLANG_WARN_BOOL_CONVERSION = YES;
				CLANG_WARN_COMMA = YES;
				CLANG_WARN_CONSTANT_CONVERSION = YES;
				CLANG_WARN_DEPRECATED_OBJC_IMPLEMENTATIONS = YES;
				CLANG_WARN_DIRECT_OBJC_ISA_USAGE = YES_ERROR;
				CLANG_WARN_DOCUMENTATION_COMMENTS = YES;
				CLANG_WARN_EMPTY_BODY = YES;
				CLANG_WARN_ENUM_CONVERSION = YES;
				CLANG_WARN_INFINITE_RECURSION = YES;
				CLANG_WARN_INT_CONVERSION = YES;
				CLANG_WARN_NON_LITERAL_NULL_CONVERSION = YES;
				CLANG_WARN_OBJC_IMPLICIT_RETAIN_SELF = YES;
				CLANG_WARN_OBJC_LITERAL_CONVERSION = YES;
				CLANG_WARN_OBJC_ROOT_CLASS = YES_ERROR;
				CLANG_WARN_RANGE_LOOP_ANALYSIS = YES;
				CLANG_WARN_STRICT_PROTOTYPES = YES;
				CLANG_WARN_SUSPICIOUS_MOVE = YES;
				CLANG_WARN_UNGUARDED_AVAILABILITY = YES_AGGRESSIVE;
				CLANG_WARN_UNREACHABLE_CODE = YES;
				CLANG_WARN__DUPLICATE_METHOD_MATCH = YES;
				COPY_PHASE_STRIP = NO;
				DEBUG_INFORMATION_FORMAT = "dwarf-with-dsym";
				ENABLE_NS_ASSERTIONS = NO;
				ENABLE_STRICT_OBJC_MSGSEND = YES;
				GCC_C_LANGUAGE_STANDARD = gnu11;
				GCC_NO_COMMON_BLOCKS = YES;
				GCC_WARN_64_TO_32_BIT_CONVERSION = YES;
				GCC_WARN_ABOUT_RETURN_TYPE = YES_ERROR;
				GCC_WARN_UNDECLARED_SELECTOR = YES;
				GCC_WARN_UNINITIALIZED_AUTOS = YES_AGGRESSIVE;
				GCC_WARN_UNUSED_FUNCTION = YES;
				GCC_WARN_UNUSED_VARIABLE = YES;
				IPHONEOS_DEPLOYMENT_TARGET = 13.6;
				MTL_ENABLE_DEBUG_INFO = NO;
				MTL_FAST_MATH = YES;
				SDKROOT = iphoneos;
				SWIFT_COMPILATION_MODE = wholemodule;
				SWIFT_OPTIMIZATION_LEVEL = "-O";
				VALIDATE_PRODUCT = YES;
			};
			name = Release;
		};
		FB58C06B25105B4A0099740D /* Debug */ = {
			isa = XCBuildConfiguration;
			buildSettings = {
				ASSETCATALOG_COMPILER_APPICON_NAME = AppIcon;
				CODE_SIGN_STYLE = Automatic;
				DEVELOPMENT_TEAM = C2T4PCE734;
				INFOPLIST_FILE = Album/Info.plist;
				LD_RUNPATH_SEARCH_PATHS = (
					"$(inherited)",
					"@executable_path/Frameworks",
				);
				PRODUCT_BUNDLE_IDENTIFIER = com.sample.Album;
				PRODUCT_NAME = "$(TARGET_NAME)";
				SWIFT_VERSION = 5.0;
				TARGETED_DEVICE_FAMILY = "1,2";
			};
			name = Debug;
		};
		FB58C06C25105B4A0099740D /* Release */ = {
			isa = XCBuildConfiguration;
			buildSettings = {
				ASSETCATALOG_COMPILER_APPICON_NAME = AppIcon;
				CODE_SIGN_STYLE = Automatic;
				DEVELOPMENT_TEAM = C2T4PCE734;
				INFOPLIST_FILE = Album/Info.plist;
				LD_RUNPATH_SEARCH_PATHS = (
					"$(inherited)",
					"@executable_path/Frameworks",
				);
				PRODUCT_BUNDLE_IDENTIFIER = com.sample.Album;
				PRODUCT_NAME = "$(TARGET_NAME)";
				SWIFT_VERSION = 5.0;
				TARGETED_DEVICE_FAMILY = "1,2";
			};
			name = Release;
		};
/* End XCBuildConfiguration section */

/* Begin XCConfigurationList section */
		FB58C05125105B4A0099740D /* Build configuration list for PBXProject "Album" */ = {
			isa = XCConfigurationList;
			buildConfigurations = (
				FB58C06825105B4A0099740D /* Debug */,
				FB58C06925105B4A0099740D /* Release */,
			);
			defaultConfigurationIsVisible = 0;
			defaultConfigurationName = Release;
		};
		FB58C06A25105B4A0099740D /* Build configuration list for PBXNativeTarget "Album" */ = {
			isa = XCConfigurationList;
			buildConfigurations = (
				FB58C06B25105B4A0099740D /* Debug */,
				FB58C06C25105B4A0099740D /* Release */,
			);
			defaultConfigurationIsVisible = 0;
			defaultConfigurationName = Release;
		};
/* End XCConfigurationList section */
	};
	rootObject = FB58C04E25105B4A0099740D /* Project object */;
}
